# This file was autogenerated by Stack.
# You should not edit this file by hand.
# For more information, please see the documentation at:
#   https://docs.haskellstack.org/en/stable/lock_files

packages:
- completed:
    name: okapi
    version: 0.1.0.2
    git: https://github.com/monadicsystems/okapi.git
    pantry-tree:
      size: 3483
      sha256: 78e52c0225950189e77dc1abbbc5d93eef8f8767491ed08aa19cf104d3018008
    commit: 6ac3791f5a7cfe9634d8170416aececd1944bc1b
  original:
    git: https://github.com/monadicsystems/okapi.git
    commit: 6ac3791f5a7cfe9634d8170416aececd1944bc1b
snapshots:
- completed:
    size: 619399
    url: https://raw.githubusercontent.com/commercialhaskell/stackage-snapshots/master/lts/19/22.yaml
    sha256: 5098594e71bdefe0c13e9e6236f12e3414ef91a2b89b029fd30e8fc8087f3a07
  original:
    url: https://raw.githubusercontent.com/commercialhaskell/stackage-snapshots/master/lts/19/22.yaml
